{
  "name": "centina",
  "version": "0.1.0-alpha.0",
  "lockfileVersion": 3,
  "requires": true,
  "packages": {
    "": {
      "name": "centina",
      "version": "0.1.0-alpha.0",
      "license": "MIT",
      "devDependencies": {
        "rhino3dm": "^8.17.0"
      },
      "engines": {
        "node": ">=18"
      }
    },
    "node_modules/rhino3dm": {
      "version": "8.32.2",
      "resolved": "https://registry.npmjs.org/rhino3dm/-/rhino3dm-8.32.2.tgz",
      "integrity": "sha512-Q3/5iHIKJeoE5doXrRy7C1vJer4F8uMYe8K6B8VQHqhGj5BCS1L3EkqNpKyUTERoHyKh7rMmiiZpw9iEUkCnPQ==",
      "dev": true,
      "license": "MIT"
    }
  }
}
